
Microsoft Visual Studio Solution File, Format Version 12.00
# Visual Studio 15
VisualStudioVersion = 15.0.27004.2002
MinimumVisualStudioVersion = 10.0.40219.1
Project("{FAE04EC0-301F-11D3-BF4B-00C04F79EFBC}") = "Playground", "Playground\Playground.csproj", "{C961B416-1869-4ADC-A090-19F1688B46A9}"
EndProject
Project("{FAE04EC0-301F-11D3-BF4B-00C04F79EFBC}") = "Tests", "Tests\Tests.csproj", "{6131BA41-0B09-4776-BDC0-7F60B9E835FC}"
EndProject
Global
	GlobalSection(SolutionConfigurationPlatforms) = preSolution
		Debug|Any CPU = Debug|Any CPU
		Release|Any CPU = Release|Any CPU
	EndGlobalSection
	GlobalSection(ProjectConfigurationPlatforms) = postSolution
		{C961B416-1869-4ADC-A090-19F1688B46A9}.Debug|Any CPU.ActiveCfg = Debug|Any CPU
		{C961B416-1869-4ADC-A090-19F1688B46A9}.Debug|Any CPU.Build.0 = Debug|Any CPU
		{C961B416-1869-4ADC-A090-19F1688B46A9}.Release|Any CPU.ActiveCfg = Release|Any CPU
		{C961B416-1869-4ADC-A090-19F1688B46A9}.Release|Any CPU.Build.0 = Release|Any CPU
		{6131BA41-0B09-4776-BDC0-7F60B9E835FC}.Debug|Any CPU.ActiveCfg = Debug|Any CPU
		{6131BA41-0B09-4776-BDC0-7F60B9E835FC}.Debug|Any CPU.Build.0 = Debug|Any CPU
		{6131BA41-0B09-4776-BDC0-7F60B9E835FC}.Release|Any CPU.ActiveCfg = Release|Any CPU
		{6131BA41-0B09-4776-BDC0-7F60B9E835FC}.Release|Any CPU.Build.0 = Release|Any CPU
	EndGlobalSection
	GlobalSection(SolutionProperties) = preSolution
		HideSolutionNode = FALSE
	EndGlobalSection
	GlobalSection(ExtensibilityGlobals) = postSolution
		SolutionGuid = {EEF06C44-AAB9-41E4-B5CC-8BE2D065AD3F}
	EndGlobalSection
EndGlobal
